PODS:
  - Nimble (8.0.9)
  - Quick (2.2.1)
  - URLRewriter (1.0.1)

DEPENDENCIES:
  - Nimble (~> 8.0.7)
  - Quick (~> 2.2.0)
  - URLRewriter (from `../`)

SPEC REPOS:
  trunk:
    - Nimble
    - Quick

EXTERNAL SOURCES:
  URLRewriter:
    :path: "../"

SPEC CHECKSUMS:
  Nimble: 98b888285a615fd34f20e61753cf58ea1402bde4
  Quick: f5754d69b7013f5864c29aab9ae6f0c79c5bc200
  URLRewriter: a7e775c8a38ede216783bffe417a4f181b9d18cb

PODFILE CHECKSUM: 811575d4615be1bb072b1a255ce977febdc41791

COCOAPODS: 1.10.0
